
Microsoft Visual Studio Solution File, Format Version 12.00
# Visual Studio Version 17
VisualStudioVersion = 17.3.32901.215
MinimumVisualStudioVersion = 10.0.40219.1
Project("{FAE04EC0-301F-11D3-BF4B-00C04F79EFBC}") = "Calculator", "Calculator\Calculator.csproj", "{0E7C4DEE-C588-46BB-9640-EA51792ECA9F}"
EndProject
Global
	GlobalSection(SolutionConfigurationPlatforms) = preSolution
		Debug|Any CPU = Debug|Any CPU
		Release|Any CPU = Release|Any CPU
	EndGlobalSection
	GlobalSection(ProjectConfigurationPlatforms) = postSolution
		{0E7C4DEE-C588-46BB-9640-EA51792ECA9F}.Debug|Any CPU.ActiveCfg = Debug|Any CPU
		{0E7C4DEE-C588-46BB-9640-EA51792ECA9F}.Debug|Any CPU.Build.0 = Debug|Any CPU
		{0E7C4DEE-C588-46BB-9640-EA51792ECA9F}.Release|Any CPU.ActiveCfg = Release|Any CPU
		{0E7C4DEE-C588-46BB-9640-EA51792ECA9F}.Release|Any CPU.Build.0 = Release|Any CPU
	EndGlobalSection
	GlobalSection(SolutionProperties) = preSolution
		HideSolutionNode = FALSE
	EndGlobalSection
	GlobalSection(ExtensibilityGlobals) = postSolution
		SolutionGuid = {E98A09BC-10DF-4F77-9E6E-5B0FCEE90916}
	EndGlobalSection
EndGlobal
